{
  "nodes": {
    "flake-compat": {
      "locked": {
        "lastModified": 1761640442,
        "narHash": "sha256-AtrEP6Jmdvrqiv4x2xa5mrtaIp3OEe8uBYCDZDS+hu8=",
        "owner": "nix-community",
        "repo": "flake-compat",
        "rev": "4a56054d8ffc173222d09dad23adf4ba946c8884",
        "type": "github"
      },
      "original": {
        "owner": "nix-community",
        "repo": "flake-compat",
        "type": "github"
      }
    },
    "flake-utils": {
      "inputs": {
        "systems": "systems"
      },
      "locked": {
        "lastModified": 1731533236,
        "narHash": "sha256-l0KFg5HjrsfsO/JpG+r7fRrqm12kzFHyUHqHCVpMMbI=",
        "owner": "numtide",
        "repo": "flake-utils",
        "rev": "11707dc2f618dd54ca8739b309ec4fc024de578b",
        "type": "github"
      },
      "original": {
        "owner": "numtide",
        "repo": "flake-utils",
        "type": "github"
      }
    },
    "fluent-hs": {
      "inputs": {
        "nixpkgs": [
          "nixpkgs"
        ],
        "syntax": "syntax"
      },
      "locked": {
        "lastModified": 1762543126,
        "narHash": "sha256-zkGLHcxNdRsA57LL/4NAvPl4kyvlzVISfh5BRidFWS4=",
        "owner": "ners",
        "repo": "fluent-hs",
        "rev": "d181baa2b7f4209a804618d5019f342c6189d90b",
        "type": "github"
      },
      "original": {
        "owner": "ners",
        "repo": "fluent-hs",
        "type": "github"
      }
    },
    "ghc-source-gen": {
      "flake": false,
      "locked": {
        "lastModified": 1767727283,
        "narHash": "sha256-TsPEK0I5c9FYqZp0lAzQNogqEv1LPMzdjFO9EtOm/Ls=",
        "owner": "google",
        "repo": "ghc-source-gen",
        "rev": "79ecc01213131da03a7198fc377606ce72ac037a",
        "type": "github"
      },
      "original": {
        "owner": "google",
        "repo": "ghc-source-gen",
        "type": "github"
      }
    },
    "ghc-wasm-meta": {
      "inputs": {
        "flake-utils": "flake-utils",
        "nixpkgs": [
          "nix-wasm",
          "nixpkgs"
        ]
      },
      "locked": {
        "lastModified": 1775041560,
        "narHash": "sha256-SCpF4UxTOSY7w3FsIBPsbLfwfWQq6q59uAcO6JaLwJc=",
        "owner": "haskell-wasm",
        "repo": "ghc-wasm-meta",
        "rev": "a4f5a5f5f1c25d6cf6aecc2fd3015d4eedabfe26",
        "type": "github"
      },
      "original": {
        "owner": "haskell-wasm",
        "repo": "ghc-wasm-meta",
        "type": "github"
      }
    },
    "mdi": {
      "flake": false,
      "locked": {
        "lastModified": 1737338259,
        "narHash": "sha256-QMGl7soAhErrrnY3aKOZpt49yebkSNzy10p/v5OaqQ0=",
        "owner": "Templarian",
        "repo": "MaterialDesign",
        "rev": "2424e748e0cc63ab7b9c095a099b9fe239b737c0",
        "type": "github"
      },
      "original": {
        "owner": "Templarian",
        "repo": "MaterialDesign",
        "type": "github"
      }
    },
    "mdi-webfont": {
      "flake": false,
      "locked": {
        "dir": "fonts",
        "lastModified": 1703636765,
        "narHash": "sha256-xVhKiAJy/2JaP6HEatzpuDwCbFSvPiIhdhM2csMDFbI=",
        "owner": "Templarian",
        "repo": "MaterialDesign-Webfont",
        "rev": "57b567a448bd579892174cd47c47f9e187ea56c6",
        "type": "github"
      },
      "original": {
        "dir": "fonts",
        "owner": "Templarian",
        "repo": "MaterialDesign-Webfont",
        "type": "github"
      }
    },
    "miso": {
      "flake": false,
      "locked": {
        "lastModified": 1775095038,
        "narHash": "sha256-A3C9S0YsU/aUzwUFWPTfmXPBegYFg7oPB8hEtwrEx2g=",
        "owner": "haskell-miso",
        "repo": "miso",
        "rev": "a854d79d22582a4ab27048474f6ceb2b9b7ddcdb",
        "type": "github"
      },
      "original": {
        "owner": "haskell-miso",
        "repo": "miso",
        "type": "github"
      }
    },
    "miso-diagrams": {
      "flake": false,
      "locked": {
        "lastModified": 1767469376,
        "narHash": "sha256-JMtloMQjkrMd44aAaLjfTz2ctpazj+/BMkpgYO6YKmI=",
        "owner": "haskell-miso",
        "repo": "miso-diagrams",
        "rev": "db0e743d28aca12256ddcd2191b14abc749f8a37",
        "type": "github"
      },
      "original": {
        "owner": "haskell-miso",
        "repo": "miso-diagrams",
        "type": "github"
      }
    },
    "nix-wasm": {
      "inputs": {
        "flake-compat": "flake-compat",
        "ghc-wasm-meta": "ghc-wasm-meta",
        "nixpkgs": [
          "nixpkgs"
        ]
      },
      "locked": {
        "lastModified": 1775119921,
        "narHash": "sha256-XkdPOw3EmG5UWoF5Ojz5vdOPDGTWFx04XXvtq/n30hQ=",
        "owner": "ners",
        "repo": "nix-wasm",
        "rev": "6b9a92811789eee6c2e8161ac49952d834493b74",
        "type": "github"
      },
      "original": {
        "owner": "ners",
        "repo": "nix-wasm",
        "type": "github"
      }
    },
    "nixpkgs": {
      "locked": {
        "lastModified": 1775036866,
        "narHash": "sha256-ZojAnPuCdy657PbTq5V0Y+AHKhZAIwSIT2cb8UgAz/U=",
        "owner": "nixos",
        "repo": "nixpkgs",
        "rev": "6201e203d09599479a3b3450ed24fa81537ebc4e",
        "type": "github"
      },
      "original": {
        "owner": "nixos",
        "ref": "nixos-unstable",
        "repo": "nixpkgs",
        "type": "github"
      }
    },
    "root": {
      "inputs": {
        "fluent-hs": "fluent-hs",
        "mdi": "mdi",
        "mdi-webfont": "mdi-webfont",
        "miso": "miso",
        "miso-diagrams": "miso-diagrams",
        "nix-wasm": "nix-wasm",
        "nixpkgs": "nixpkgs",
        "web-font-mdi": "web-font-mdi"
      }
    },
    "semi-iso": {
      "inputs": {
        "nixpkgs": [
          "fluent-hs",
          "syntax",
          "nixpkgs"
        ]
      },
      "locked": {
        "lastModified": 1760465104,
        "narHash": "sha256-Cit2tXFeEv7EhAQ7xYwR++AobYrP+fDlqYgHEDlHrvI=",
        "owner": "ners",
        "repo": "semi-iso",
        "rev": "27b845c5209f59bf8d3ed75ec3ced668e8415989",
        "type": "github"
      },
      "original": {
        "owner": "ners",
        "repo": "semi-iso",
        "type": "github"
      }
    },
    "syntax": {
      "inputs": {
        "nixpkgs": [
          "fluent-hs",
          "nixpkgs"
        ],
        "semi-iso": "semi-iso"
      },
      "locked": {
        "lastModified": 1760465267,
        "narHash": "sha256-w8a6W+XBbXqB2xU+LVcFx0JRy1cGDFRP1eHSzg6FIyw=",
        "owner": "ners",
        "repo": "syntax",
        "rev": "a543a749281dbe378e19aa7cc21bef761c0b3090",
        "type": "github"
      },
      "original": {
        "owner": "ners",
        "repo": "syntax",
        "type": "github"
      }
    },
    "systems": {
      "locked": {
        "lastModified": 1681028828,
        "narHash": "sha256-Vy1rq5AaRuLzOxct8nz4T6wlgyUR7zLU309k9mBC768=",
        "owner": "nix-systems",
        "repo": "default",
        "rev": "da67096a3b9bf56a91d16901293e51ba5b49a27e",
        "type": "github"
      },
      "original": {
        "owner": "nix-systems",
        "repo": "default",
        "type": "github"
      }
    },
    "web-font-mdi": {
      "inputs": {
        "ghc-source-gen": "ghc-source-gen",
        "mdi": [
          "mdi"
        ],
        "nixpkgs": [
          "nixpkgs"
        ]
      },
      "locked": {
        "lastModified": 1768292899,
        "narHash": "sha256-7ZVUVRWn1Uvq51dEIItnUIIhAevQjqB5PRwXitEfKIk=",
        "owner": "ners",
        "repo": "web-font-mdi",
        "rev": "7cb587ca67f1ccbf77153a986ca2a44331b0e779",
        "type": "github"
      },
      "original": {
        "owner": "ners",
        "repo": "web-font-mdi",
        "type": "github"
      }
    }
  },
  "root": "root",
  "version": 7
}
