{
  "nodes": {
    "flake-compat": {
      "locked": {
        "lastModified": 1761640442,
        "narHash": "sha256-AtrEP6Jmdvrqiv4x2xa5mrtaIp3OEe8uBYCDZDS+hu8=",
        "owner": "nix-community",
        "repo": "flake-compat",
        "rev": "4a56054d8ffc173222d09dad23adf4ba946c8884",
        "type": "github"
      },
      "original": {
        "owner": "nix-community",
        "repo": "flake-compat",
        "type": "github"
      }
    },
    "flake-utils": {
      "inputs": {
        "systems": "systems"
      },
      "locked": {
        "lastModified": 1731533236,
        "narHash": "sha256-l0KFg5HjrsfsO/JpG+r7fRrqm12kzFHyUHqHCVpMMbI=",
        "owner": "numtide",
        "repo": "flake-utils",
        "rev": "11707dc2f618dd54ca8739b309ec4fc024de578b",
        "type": "github"
      },
      "original": {
        "owner": "numtide",
        "repo": "flake-utils",
        "type": "github"
      }
    },
    "fluent-hs": {
      "inputs": {
        "nixpkgs": [
          "nixpkgs"
        ],
        "syntax": "syntax"
      },
      "locked": {
        "lastModified": 1762543126,
        "narHash": "sha256-zkGLHcxNdRsA57LL/4NAvPl4kyvlzVISfh5BRidFWS4=",
        "owner": "ners",
        "repo": "fluent-hs",
        "rev": "d181baa2b7f4209a804618d5019f342c6189d90b",
        "type": "github"
      },
      "original": {
        "owner": "ners",
        "repo": "fluent-hs",
        "type": "github"
      }
    },
    "ghc-wasm-meta": {
      "inputs": {
        "flake-utils": "flake-utils",
        "nixpkgs": [
          "nix-wasm",
          "nixpkgs"
        ]
      },
      "locked": {
        "lastModified": 1775041560,
        "narHash": "sha256-SCpF4UxTOSY7w3FsIBPsbLfwfWQq6q59uAcO6JaLwJc=",
        "owner": "haskell-wasm",
        "repo": "ghc-wasm-meta",
        "rev": "a4f5a5f5f1c25d6cf6aecc2fd3015d4eedabfe26",
        "type": "github"
      },
      "original": {
        "owner": "haskell-wasm",
        "repo": "ghc-wasm-meta",
        "type": "github"
      }
    },
    "miso": {
      "flake": false,
      "locked": {
        "lastModified": 1775243620,
        "narHash": "sha256-pzxsgJugQAprArBhSHN49k0gd3IZ2vf1xqo36w7l4Ng=",
        "owner": "haskell-miso",
        "repo": "miso",
        "rev": "6c34a81928caa7e6d11a713a9d65a77c8d83b985",
        "type": "github"
      },
      "original": {
        "owner": "haskell-miso",
        "repo": "miso",
        "type": "github"
      }
    },
    "nix-wasm": {
      "inputs": {
        "flake-compat": "flake-compat",
        "ghc-wasm-meta": "ghc-wasm-meta",
        "nixpkgs": [
          "nixpkgs"
        ]
      },
      "locked": {
        "lastModified": 1775119921,
        "narHash": "sha256-XkdPOw3EmG5UWoF5Ojz5vdOPDGTWFx04XXvtq/n30hQ=",
        "owner": "ners",
        "repo": "nix-wasm",
        "rev": "6b9a92811789eee6c2e8161ac49952d834493b74",
        "type": "github"
      },
      "original": {
        "owner": "ners",
        "repo": "nix-wasm",
        "type": "github"
      }
    },
    "nixpkgs": {
      "locked": {
        "lastModified": 1775036866,
        "narHash": "sha256-ZojAnPuCdy657PbTq5V0Y+AHKhZAIwSIT2cb8UgAz/U=",
        "owner": "nixos",
        "repo": "nixpkgs",
        "rev": "6201e203d09599479a3b3450ed24fa81537ebc4e",
        "type": "github"
      },
      "original": {
        "owner": "nixos",
        "ref": "nixos-unstable",
        "repo": "nixpkgs",
        "type": "github"
      }
    },
    "phosphor-icons-web": {
      "flake": false,
      "locked": {
        "lastModified": 1743439064,
        "narHash": "sha256-96ivFjm0cBhqDKNB50klM7D3fevt8X9Zzm82KkJKMtU=",
        "owner": "phosphor-icons",
        "repo": "web",
        "rev": "70854726d7bd82ae21f0dc81b5b5c35240a77066",
        "type": "github"
      },
      "original": {
        "owner": "phosphor-icons",
        "ref": "v2.1.2",
        "repo": "web",
        "type": "github"
      }
    },
    "root": {
      "inputs": {
        "fluent-hs": "fluent-hs",
        "miso": "miso",
        "nix-wasm": "nix-wasm",
        "nixpkgs": "nixpkgs",
        "phosphor-icons-web": "phosphor-icons-web"
      }
    },
    "semi-iso": {
      "inputs": {
        "nixpkgs": [
          "fluent-hs",
          "syntax",
          "nixpkgs"
        ]
      },
      "locked": {
        "lastModified": 1760465104,
        "narHash": "sha256-Cit2tXFeEv7EhAQ7xYwR++AobYrP+fDlqYgHEDlHrvI=",
        "owner": "ners",
        "repo": "semi-iso",
        "rev": "27b845c5209f59bf8d3ed75ec3ced668e8415989",
        "type": "github"
      },
      "original": {
        "owner": "ners",
        "repo": "semi-iso",
        "type": "github"
      }
    },
    "syntax": {
      "inputs": {
        "nixpkgs": [
          "fluent-hs",
          "nixpkgs"
        ],
        "semi-iso": "semi-iso"
      },
      "locked": {
        "lastModified": 1760465267,
        "narHash": "sha256-w8a6W+XBbXqB2xU+LVcFx0JRy1cGDFRP1eHSzg6FIyw=",
        "owner": "ners",
        "repo": "syntax",
        "rev": "a543a749281dbe378e19aa7cc21bef761c0b3090",
        "type": "github"
      },
      "original": {
        "owner": "ners",
        "repo": "syntax",
        "type": "github"
      }
    },
    "systems": {
      "locked": {
        "lastModified": 1681028828,
        "narHash": "sha256-Vy1rq5AaRuLzOxct8nz4T6wlgyUR7zLU309k9mBC768=",
        "owner": "nix-systems",
        "repo": "default",
        "rev": "da67096a3b9bf56a91d16901293e51ba5b49a27e",
        "type": "github"
      },
      "original": {
        "owner": "nix-systems",
        "repo": "default",
        "type": "github"
      }
    }
  },
  "root": "root",
  "version": 7
}
